<?xml version="1.0" encoding="UTF-8" standalone="yes" ?>
<CodeBlocks_project_file>
	<FileVersion major="1" minor="6" />
	<Project>
		<Option title="kafic" />
		<Option pch_mode="2" />
		<Option compiler="gcc" />
		<Build>
			<Target title="Debug">
				<Option output="bin/Debug/kafic" prefix_auto="1" extension_auto="1" />
				<Option object_output="obj/Debug/" />
				<Option type="1" />
				<Option compiler="gcc" />
				<Compiler>
					<Add option="-g" />
				</Compiler>
			</Target>
			<Target title="Release">
				<Option output="bin/Release/kafic" prefix_auto="1" extension_auto="1" />
				<Option object_output="obj/Release/" />
				<Option type="1" />
				<Option compiler="gcc" />
				<Compiler>
					<Add option="-O2" />
				</Compiler>
				<Linker>
					<Add option="-s" />
				</Linker>
			</Target>
		</Build>
		<Compiler>
			<Add option="-Wall" />
			<Add option="-fexceptions" />
		</Compiler>
		<Unit filename="case.hpp" />
		<Unit filename="dinstring.cpp" />
		<Unit filename="dinstring.hpp" />
		<Unit filename="escajg.hpp" />
		<Unit filename="glavnasoba.hpp" />
		<Unit filename="hladninapici.hpp" />
		<Unit filename="hrana.hpp" />
		<Unit filename="kolaci.hpp" />
		<Unit filename="konobari.hpp" />
		<Unit filename="kuhinja.hpp" />
		<Unit filename="kuvari.hpp" />
		<Unit filename="list.hpp" />
		<Unit filename="main.cpp" />
		<Unit filename="palacinke.hpp" />
		<Unit filename="pice.hpp" />
		<Unit filename="posudjehrana.hpp" />
		<Unit filename="posudjepice.hpp" />
		<Unit filename="proizvodi.hpp" />
		<Unit filename="prostorije.hpp" />
		<Unit filename="rerne.hpp" />
		<Unit filename="sladoled.hpp" />
		<Unit filename="slanepalacinke.hpp" />
		<Unit filename="slatkepalacinke.hpp" />
		<Unit filename="solje.hpp" />
		<Unit filename="sporeti.hpp" />
		<Unit filename="spremacice.hpp" />
		<Unit filename="stolovi.hpp" />
		<Unit filename="toalet.hpp" />
		<Unit filename="toplinapici.hpp" />
		<Unit filename="zaposleni.hpp" />
		<Extensions>
			<code_completion />
			<envvars />
			<debugger />
			<lib_finder disable_auto="1" />
		</Extensions>
	</Project>
</CodeBlocks_project_file>
